
Microsoft Visual Studio Solution File, Format Version 12.00
# Visual Studio 2012
Project("{FAE04EC0-301F-11D3-BF4B-00C04F79EFBC}") = "Bookworm.iOS", "iOS\Bookworm.iOS.csproj", "{182355FD-2CF0-42BE-BC3A-F4CA7B0B4591}"
EndProject
Project("{FAE04EC0-301F-11D3-BF4B-00C04F79EFBC}") = "Bookworm.Droid", "Droid\Bookworm.Droid.csproj", "{F90D463B-3983-47F6-8AAF-036D1A815CBE}"
EndProject
Project("{FAE04EC0-301F-11D3-BF4B-00C04F79EFBC}") = "Bookworm", "Bookworm\Bookworm.csproj", "{83A7FE8F-C62A-4061-859B-9108B208BB55}"
EndProject
Project("{FAE04EC0-301F-11D3-BF4B-00C04F79EFBC}") = "Bookworm.UITests", "UITests\Bookworm.UITests.csproj", "{83195E55-2ED3-423A-8C3B-6967673F7DD3}"
EndProject
Global
	GlobalSection(SolutionConfigurationPlatforms) = preSolution
		Debug|iPhoneSimulator = Debug|iPhoneSimulator
		Release|iPhone = Release|iPhone
		Release|iPhoneSimulator = Release|iPhoneSimulator
		Debug|iPhone = Debug|iPhone
		Debug|Any CPU = Debug|Any CPU
		Release|Any CPU = Release|Any CPU
	EndGlobalSection
	GlobalSection(ProjectConfigurationPlatforms) = postSolution
		{182355FD-2CF0-42BE-BC3A-F4CA7B0B4591}.Debug|Any CPU.ActiveCfg = Debug|iPhoneSimulator
		{182355FD-2CF0-42BE-BC3A-F4CA7B0B4591}.Debug|Any CPU.Build.0 = Debug|iPhoneSimulator
		{182355FD-2CF0-42BE-BC3A-F4CA7B0B4591}.Debug|iPhone.ActiveCfg = Debug|iPhone
		{182355FD-2CF0-42BE-BC3A-F4CA7B0B4591}.Debug|iPhone.Build.0 = Debug|iPhone
		{182355FD-2CF0-42BE-BC3A-F4CA7B0B4591}.Debug|iPhoneSimulator.ActiveCfg = Debug|iPhoneSimulator
		{182355FD-2CF0-42BE-BC3A-F4CA7B0B4591}.Debug|iPhoneSimulator.Build.0 = Debug|iPhoneSimulator
		{182355FD-2CF0-42BE-BC3A-F4CA7B0B4591}.Release|Any CPU.ActiveCfg = Release|iPhone
		{182355FD-2CF0-42BE-BC3A-F4CA7B0B4591}.Release|Any CPU.Build.0 = Release|iPhone
		{182355FD-2CF0-42BE-BC3A-F4CA7B0B4591}.Release|iPhone.ActiveCfg = Release|iPhone
		{182355FD-2CF0-42BE-BC3A-F4CA7B0B4591}.Release|iPhone.Build.0 = Release|iPhone
		{182355FD-2CF0-42BE-BC3A-F4CA7B0B4591}.Release|iPhoneSimulator.ActiveCfg = Release|iPhoneSimulator
		{182355FD-2CF0-42BE-BC3A-F4CA7B0B4591}.Release|iPhoneSimulator.Build.0 = Release|iPhoneSimulator
		{83195E55-2ED3-423A-8C3B-6967673F7DD3}.Debug|Any CPU.ActiveCfg = Debug|Any CPU
		{83195E55-2ED3-423A-8C3B-6967673F7DD3}.Debug|Any CPU.Build.0 = Debug|Any CPU
		{83195E55-2ED3-423A-8C3B-6967673F7DD3}.Debug|iPhone.ActiveCfg = Debug|Any CPU
		{83195E55-2ED3-423A-8C3B-6967673F7DD3}.Debug|iPhone.Build.0 = Debug|Any CPU
		{83195E55-2ED3-423A-8C3B-6967673F7DD3}.Debug|iPhoneSimulator.ActiveCfg = Debug|Any CPU
		{83195E55-2ED3-423A-8C3B-6967673F7DD3}.Debug|iPhoneSimulator.Build.0 = Debug|Any CPU
		{83195E55-2ED3-423A-8C3B-6967673F7DD3}.Release|Any CPU.ActiveCfg = Release|Any CPU
		{83195E55-2ED3-423A-8C3B-6967673F7DD3}.Release|Any CPU.Build.0 = Release|Any CPU
		{83195E55-2ED3-423A-8C3B-6967673F7DD3}.Release|iPhone.ActiveCfg = Release|Any CPU
		{83195E55-2ED3-423A-8C3B-6967673F7DD3}.Release|iPhone.Build.0 = Release|Any CPU
		{83195E55-2ED3-423A-8C3B-6967673F7DD3}.Release|iPhoneSimulator.ActiveCfg = Release|Any CPU
		{83195E55-2ED3-423A-8C3B-6967673F7DD3}.Release|iPhoneSimulator.Build.0 = Release|Any CPU
		{83A7FE8F-C62A-4061-859B-9108B208BB55}.Debug|Any CPU.ActiveCfg = Debug|Any CPU
		{83A7FE8F-C62A-4061-859B-9108B208BB55}.Debug|Any CPU.Build.0 = Debug|Any CPU
		{83A7FE8F-C62A-4061-859B-9108B208BB55}.Debug|iPhone.ActiveCfg = Debug|Any CPU
		{83A7FE8F-C62A-4061-859B-9108B208BB55}.Debug|iPhone.Build.0 = Debug|Any CPU
		{83A7FE8F-C62A-4061-859B-9108B208BB55}.Debug|iPhoneSimulator.ActiveCfg = Debug|Any CPU
		{83A7FE8F-C62A-4061-859B-9108B208BB55}.Debug|iPhoneSimulator.Build.0 = Debug|Any CPU
		{83A7FE8F-C62A-4061-859B-9108B208BB55}.Release|Any CPU.ActiveCfg = Release|Any CPU
		{83A7FE8F-C62A-4061-859B-9108B208BB55}.Release|Any CPU.Build.0 = Release|Any CPU
		{83A7FE8F-C62A-4061-859B-9108B208BB55}.Release|iPhone.ActiveCfg = Release|Any CPU
		{83A7FE8F-C62A-4061-859B-9108B208BB55}.Release|iPhone.Build.0 = Release|Any CPU
		{83A7FE8F-C62A-4061-859B-9108B208BB55}.Release|iPhoneSimulator.ActiveCfg = Release|Any CPU
		{83A7FE8F-C62A-4061-859B-9108B208BB55}.Release|iPhoneSimulator.Build.0 = Release|Any CPU
		{F90D463B-3983-47F6-8AAF-036D1A815CBE}.Debug|Any CPU.ActiveCfg = Debug|Any CPU
		{F90D463B-3983-47F6-8AAF-036D1A815CBE}.Debug|Any CPU.Build.0 = Debug|Any CPU
		{F90D463B-3983-47F6-8AAF-036D1A815CBE}.Debug|iPhone.ActiveCfg = Debug|Any CPU
		{F90D463B-3983-47F6-8AAF-036D1A815CBE}.Debug|iPhone.Build.0 = Debug|Any CPU
		{F90D463B-3983-47F6-8AAF-036D1A815CBE}.Debug|iPhoneSimulator.ActiveCfg = Debug|Any CPU
		{F90D463B-3983-47F6-8AAF-036D1A815CBE}.Debug|iPhoneSimulator.Build.0 = Debug|Any CPU
		{F90D463B-3983-47F6-8AAF-036D1A815CBE}.Release|Any CPU.ActiveCfg = Release|Any CPU
		{F90D463B-3983-47F6-8AAF-036D1A815CBE}.Release|Any CPU.Build.0 = Release|Any CPU
		{F90D463B-3983-47F6-8AAF-036D1A815CBE}.Release|iPhone.ActiveCfg = Release|Any CPU
		{F90D463B-3983-47F6-8AAF-036D1A815CBE}.Release|iPhone.Build.0 = Release|Any CPU
		{F90D463B-3983-47F6-8AAF-036D1A815CBE}.Release|iPhoneSimulator.ActiveCfg = Release|Any CPU
		{F90D463B-3983-47F6-8AAF-036D1A815CBE}.Release|iPhoneSimulator.Build.0 = Release|Any CPU
	EndGlobalSection
EndGlobal
